<?xml version="1.0" encoding="utf-8"?>
<Project ToolsVersion="4.0" xmlns="http://schemas.microsoft.com/developer/msbuild/2003">
  <ItemGroup>
    <Filter Include="Source Files">
      <UniqueIdentifier>{4FC737F1-C7A5-4376-A066-2A32D752A2FF}</UniqueIdentifier>
      <Extensions>cpp;c;cc;cxx;def;odl;idl;hpj;bat;asm;asmx</Extensions>
    </Filter>
    <Filter Include="Header Files">
      <UniqueIdentifier>{93995380-89BD-4b04-88EB-625FBE52EBFB}</UniqueIdentifier>
      <Extensions>h;hpp;hxx;hm;inl;inc;xsd</Extensions>
    </Filter>
    <Filter Include="Resource Files">
      <UniqueIdentifier>{67DA6AB6-F800-4c08-8B7A-83BB121AAD01}</UniqueIdentifier>
      <Extensions>rc;ico;cur;bmp;dlg;rc2;rct;bin;rgs;gif;jpg;jpeg;jpe;resx;tiff;tif;png;wav;mfcribbon-ms</Extensions>
    </Filter>
  </ItemGroup>
  <ItemGroup>
    <None Include="res\PlugInForSaint.rc2">
      <Filter>Resource Files</Filter>
    </None>
    <None Include="res\PlugIn For Saint.ico">
      <Filter>Resource Files</Filter>
    </None>
    <None Include="ReadMe.txt" />
  </ItemGroup>
  <ItemGroup>
    <ClInclude Include="PlugIn For Saint.h">
      <Filter>Header Files</Filter>
    </ClInclude>
    <ClInclude Include="PlugIn For SaintDlg.h">
      <Filter>Header Files</Filter>
    </ClInclude>
    <ClInclude Include="stdafx.h">
      <Filter>Header Files</Filter>
    </ClInclude>
    <ClInclude Include="targetver.h">
      <Filter>Header Files</Filter>
    </ClInclude>
    <ClInclude Include="Resource.h">
      <Filter>Header Files</Filter>
    </ClInclude>
    <ClInclude Include="Public Parameter.h">
      <Filter>Header Files</Filter>
    </ClInclude>
    <ClInclude Include="Message Map.h">
      <Filter>Header Files</Filter>
    </ClInclude>
    <ClInclude Include="KeyBoardFrame.h">
      <Filter>Header Files</Filter>
    </ClInclude>
    <ClInclude Include="KeyBoard Form.h">
      <Filter>Header Files</Filter>
    </ClInclude>
    <ClInclude Include="VehicleInfo Form.h">
      <Filter>Header Files</Filter>
    </ClInclude>
    <ClInclude Include="Node Form.h">
      <Filter>Header Files</Filter>
    </ClInclude>
    <ClInclude Include="DtcForm.h">
      <Filter>Header Files</Filter>
    </ClInclude>
    <ClInclude Include="DTCFRAME.h">
      <Filter>Header Files</Filter>
    </ClInclude>
    <ClInclude Include="DIDFrame.h">
      <Filter>Header Files</Filter>
    </ClInclude>
    <ClInclude Include="ReadDID.h">
      <Filter>Header Files</Filter>
    </ClInclude>
    <ClInclude Include="HVACFrame.h">
      <Filter>Header Files</Filter>
    </ClInclude>
    <ClInclude Include="HVACForm.h">
      <Filter>Header Files</Filter>
    </ClInclude>
    <ClInclude Include="FormControl.h">
      <Filter>Header Files</Filter>
    </ClInclude>
    <ClInclude Include="SBECommon.h">
      <Filter>Header Files</Filter>
    </ClInclude>
    <ClInclude Include="SBEConnection.h">
      <Filter>Header Files</Filter>
    </ClInclude>
  </ItemGroup>
  <ItemGroup>
    <ClCompile Include="PlugIn For Saint.cpp">
      <Filter>Source Files</Filter>
    </ClCompile>
    <ClCompile Include="PlugIn For SaintDlg.cpp">
      <Filter>Source Files</Filter>
    </ClCompile>
    <ClCompile Include="stdafx.cpp">
      <Filter>Source Files</Filter>
    </ClCompile>
    <ClCompile Include="KeyBoardFrame.cpp">
      <Filter>Source Files</Filter>
    </ClCompile>
    <ClCompile Include="KeyBoard Form.cpp">
      <Filter>Source Files</Filter>
    </ClCompile>
    <ClCompile Include="VehicleInfo Form.cpp">
      <Filter>Source Files</Filter>
    </ClCompile>
    <ClCompile Include="Read_Dtc.cpp">
      <Filter>Source Files</Filter>
    </ClCompile>
    <ClCompile Include="DTCFRAME.cpp">
      <Filter>Source Files</Filter>
    </ClCompile>
    <ClCompile Include="DIDFrame.cpp">
      <Filter>Source Files</Filter>
    </ClCompile>
    <ClCompile Include="ReadDID.cpp">
      <Filter>Source Files</Filter>
    </ClCompile>
    <ClCompile Include="HVACFrame.cpp">
      <Filter>Source Files</Filter>
    </ClCompile>
    <ClCompile Include="HVACForm.cpp">
      <Filter>Source Files</Filter>
    </ClCompile>
    <ClCompile Include="FormControl.cpp">
      <Filter>Source Files</Filter>
    </ClCompile>
    <ClCompile Include="Public Parameter.cpp">
      <Filter>Source Files</Filter>
    </ClCompile>
    <ClCompile Include="SBEConnection.cpp">
      <Filter>Source Files</Filter>
    </ClCompile>
  </ItemGroup>
  <ItemGroup>
    <ResourceCompile Include="PlugIn For Saint.rc">
      <Filter>Resource Files</Filter>
    </ResourceCompile>
  </ItemGroup>
  <ItemGroup>
    <Text Include="Log.txt" />
  </ItemGroup>
</Project>